// !$*UTF8*$!
{
	archiveVersion = 1;
	classes = {
	};
	objectVersion = 51;
	objects = {

/* Begin PBXBuildFile section */
		26346F43D69DA810E2EDD1B5 /* Pods_TestGlobars_TestGlobarsUITests.framework in Frameworks */ = {isa = PBXBuildFile; fileRef = 725765069EB841143085015B /* Pods_TestGlobars_TestGlobarsUITests.framework */; };
		870A2A27252FA100006D22CF /* UserData.swift in Sources */ = {isa = PBXBuildFile; fileRef = 870A2A26252FA100006D22CF /* UserData.swift */; };
		870A7CFC252AD06700931629 /* AppDelegate.swift in Sources */ = {isa = PBXBuildFile; fileRef = 870A7CFB252AD06700931629 /* AppDelegate.swift */; };
		870A7D00252AD06700931629 /* AuthorizationViewController.swift in Sources */ = {isa = PBXBuildFile; fileRef = 870A7CFF252AD06700931629 /* AuthorizationViewController.swift */; };
		870A7D03252AD06700931629 /* Main.storyboard in Resources */ = {isa = PBXBuildFile; fileRef = 870A7D01252AD06700931629 /* Main.storyboard */; };
		870A7D05252AD06A00931629 /* Assets.xcassets in Resources */ = {isa = PBXBuildFile; fileRef = 870A7D04252AD06A00931629 /* Assets.xcassets */; };
		870A7D08252AD06A00931629 /* LaunchScreen.storyboard in Resources */ = {isa = PBXBuildFile; fileRef = 870A7D06252AD06A00931629 /* LaunchScreen.storyboard */; };
		870A7D13252AD06A00931629 /* TestGlobarsTests.swift in Sources */ = {isa = PBXBuildFile; fileRef = 870A7D12252AD06A00931629 /* TestGlobarsTests.swift */; };
		870A7D1E252AD06A00931629 /* TestGlobarsUITests.swift in Sources */ = {isa = PBXBuildFile; fileRef = 870A7D1D252AD06A00931629 /* TestGlobarsUITests.swift */; };
		8763B7F22531A61F00AB7B3C /* MapManager.swift in Sources */ = {isa = PBXBuildFile; fileRef = 8763B7F12531A61F00AB7B3C /* MapManager.swift */; };
		876833382532075A00A498EF /* MapViewController.swift in Sources */ = {isa = PBXBuildFile; fileRef = 876833372532075A00A498EF /* MapViewController.swift */; };
		8768334225324B0500A498EF /* MenuViewController.swift in Sources */ = {isa = PBXBuildFile; fileRef = 8768334125324B0500A498EF /* MenuViewController.swift */; };
		87C2A7272530E68D004C94BA /* Networking.swift in Sources */ = {isa = PBXBuildFile; fileRef = 87C2A7262530E68D004C94BA /* Networking.swift */; };
		87C2A7302530F420004C94BA /* ListCars.swift in Sources */ = {isa = PBXBuildFile; fileRef = 87C2A72F2530F420004C94BA /* ListCars.swift */; };
		87C2A73E25310E32004C94BA /* Alert.swift in Sources */ = {isa = PBXBuildFile; fileRef = 87C2A73D25310E32004C94BA /* Alert.swift */; };
		87C9C014253321BD005FA089 /* SceneDelegate.swift in Sources */ = {isa = PBXBuildFile; fileRef = 87C9C013253321BD005FA089 /* SceneDelegate.swift */; };
		87E8F617252C6E3E00E9E5FD /* Globars.swift in Sources */ = {isa = PBXBuildFile; fileRef = 87E8F616252C6E3E00E9E5FD /* Globars.swift */; };
		87EF4A1E25338A3700CFCA73 /* MenuTableCell.swift in Sources */ = {isa = PBXBuildFile; fileRef = 87EF4A1D25338A3700CFCA73 /* MenuTableCell.swift */; };
		87EF4A2325338B2400CFCA73 /* Menu.swift in Sources */ = {isa = PBXBuildFile; fileRef = 87EF4A2225338B2400CFCA73 /* Menu.swift */; };
		D0CE7092506F5258E771187D /* Pods_TestGlobars.framework in Frameworks */ = {isa = PBXBuildFile; fileRef = CE95768A41F4EE99D4A401ED /* Pods_TestGlobars.framework */; };
		E5BCA18C0F046B2AF8404F6D /* Pods_TestGlobarsTests.framework in Frameworks */ = {isa = PBXBuildFile; fileRef = 1E459EE59AF8810A8455A03D /* Pods_TestGlobarsTests.framework */; };
/* End PBXBuildFile section */

/* Begin PBXContainerItemProxy section */
		870A7D0F252AD06A00931629 /* PBXContainerItemProxy */ = {
			isa = PBXContainerItemProxy;
			containerPortal = 870A7CF0252AD06700931629 /* Project object */;
			proxyType = 1;
			remoteGlobalIDString = 870A7CF7252AD06700931629;
			remoteInfo = TestGlobars;
		};
		870A7D1A252AD06A00931629 /* PBXContainerItemProxy */ = {
			isa = PBXContainerItemProxy;
			containerPortal = 870A7CF0252AD06700931629 /* Project object */;
			proxyType = 1;
			remoteGlobalIDString = 870A7CF7252AD06700931629;
			remoteInfo = TestGlobars;
		};
/* End PBXContainerItemProxy section */

/* Begin PBXFileReference section */
		03200F53A783EE7A91B51EE0 /* Pods-TestGlobars-TestGlobarsUITests.release.xcconfig */ = {isa = PBXFileReference; includeInIndex = 1; lastKnownFileType = text.xcconfig; name = "Pods-TestGlobars-TestGlobarsUITests.release.xcconfig"; path = "Target Support Files/Pods-TestGlobars-TestGlobarsUITests/Pods-TestGlobars-TestGlobarsUITests.release.xcconfig"; sourceTree = "<group>"; };
		073918619014253E6F21D30E /* Pods-TestGlobarsTests.debug.xcconfig */ = {isa = PBXFileReference; includeInIndex = 1; lastKnownFileType = text.xcconfig; name = "Pods-TestGlobarsTests.debug.xcconfig"; path = "Target Support Files/Pods-TestGlobarsTests/Pods-TestGlobarsTests.debug.xcconfig"; sourceTree = "<group>"; };
		133CC6103E1D77FB26E04061 /* Pods-TestGlobarsTests.release.xcconfig */ = {isa = PBXFileReference; includeInIndex = 1; lastKnownFileType = text.xcconfig; name = "Pods-TestGlobarsTests.release.xcconfig"; path = "Target Support Files/Pods-TestGlobarsTests/Pods-TestGlobarsTests.release.xcconfig"; sourceTree = "<group>"; };
		1E459EE59AF8810A8455A03D /* Pods_TestGlobarsTests.framework */ = {isa = PBXFileReference; explicitFileType = wrapper.framework; includeInIndex = 0; path = Pods_TestGlobarsTests.framework; sourceTree = BUILT_PRODUCTS_DIR; };
		27210D3FBFE2640ED0527BAB /* Pods-TestGlobars-TestGlobarsUITests.debug.xcconfig */ = {isa = PBXFileReference; includeInIndex = 1; lastKnownFileType = text.xcconfig; name = "Pods-TestGlobars-TestGlobarsUITests.debug.xcconfig"; path = "Target Support Files/Pods-TestGlobars-TestGlobarsUITests/Pods-TestGlobars-TestGlobarsUITests.debug.xcconfig"; sourceTree = "<group>"; };
		725765069EB841143085015B /* Pods_TestGlobars_TestGlobarsUITests.framework */ = {isa = PBXFileReference; explicitFileType = wrapper.framework; includeInIndex = 0; path = Pods_TestGlobars_TestGlobarsUITests.framework; sourceTree = BUILT_PRODUCTS_DIR; };
		79540C04D04A158627B45E36 /* Pods-TestGlobars.debug.xcconfig */ = {isa = PBXFileReference; includeInIndex = 1; lastKnownFileType = text.xcconfig; name = "Pods-TestGlobars.debug.xcconfig"; path = "Target Support Files/Pods-TestGlobars/Pods-TestGlobars.debug.xcconfig"; sourceTree = "<group>"; };
		870A2A26252FA100006D22CF /* UserData.swift */ = {isa = PBXFileReference; lastKnownFileType = sourcecode.swift; path = UserData.swift; sourceTree = "<group>"; };
		870A7CF8252AD06700931629 /* TestGlobars.app */ = {isa = PBXFileReference; explicitFileType = wrapper.application; includeInIndex = 0; path = TestGlobars.app; sourceTree = BUILT_PRODUCTS_DIR; };
		870A7CFB252AD06700931629 /* AppDelegate.swift */ = {isa = PBXFileReference; lastKnownFileType = sourcecode.swift; path = AppDelegate.swift; sourceTree = "<group>"; };
		870A7CFF252AD06700931629 /* AuthorizationViewController.swift */ = {isa = PBXFileReference; lastKnownFileType = sourcecode.swift; path = AuthorizationViewController.swift; sourceTree = "<group>"; };
		870A7D02252AD06700931629 /* Base */ = {isa = PBXFileReference; lastKnownFileType = file.storyboard; name = Base; path = Base.lproj/Main.storyboard; sourceTree = "<group>"; };
		870A7D04252AD06A00931629 /* Assets.xcassets */ = {isa = PBXFileReference; lastKnownFileType = folder.assetcatalog; path = Assets.xcassets; sourceTree = "<group>"; };
		870A7D07252AD06A00931629 /* Base */ = {isa = PBXFileReference; lastKnownFileType = file.storyboard; name = Base; path = Base.lproj/LaunchScreen.storyboard; sourceTree = "<group>"; };
		870A7D09252AD06A00931629 /* Info.plist */ = {isa = PBXFileReference; lastKnownFileType = text.plist.xml; name = Info.plist; path = ../Info.plist; sourceTree = "<group>"; };
		870A7D0E252AD06A00931629 /* TestGlobarsTests.xctest */ = {isa = PBXFileReference; explicitFileType = wrapper.cfbundle; includeInIndex = 0; path = TestGlobarsTests.xctest; sourceTree = BUILT_PRODUCTS_DIR; };
		870A7D12252AD06A00931629 /* TestGlobarsTests.swift */ = {isa = PBXFileReference; lastKnownFileType = sourcecode.swift; path = TestGlobarsTests.swift; sourceTree = "<group>"; };
		870A7D14252AD06A00931629 /* Info.plist */ = {isa = PBXFileReference; lastKnownFileType = text.plist.xml; path = Info.plist; sourceTree = "<group>"; };
		870A7D19252AD06A00931629 /* TestGlobarsUITests.xctest */ = {isa = PBXFileReference; explicitFileType = wrapper.cfbundle; includeInIndex = 0; path = TestGlobarsUITests.xctest; sourceTree = BUILT_PRODUCTS_DIR; };
		870A7D1D252AD06A00931629 /* TestGlobarsUITests.swift */ = {isa = PBXFileReference; lastKnownFileType = sourcecode.swift; path = TestGlobarsUITests.swift; sourceTree = "<group>"; };
		870A7D1F252AD06A00931629 /* Info.plist */ = {isa = PBXFileReference; lastKnownFileType = text.plist.xml; path = Info.plist; sourceTree = "<group>"; };
		8763B7F12531A61F00AB7B3C /* MapManager.swift */ = {isa = PBXFileReference; lastKnownFileType = sourcecode.swift; path = MapManager.swift; sourceTree = "<group>"; };
		876833372532075A00A498EF /* MapViewController.swift */ = {isa = PBXFileReference; lastKnownFileType = sourcecode.swift; path = MapViewController.swift; sourceTree = "<group>"; };
		8768334125324B0500A498EF /* MenuViewController.swift */ = {isa = PBXFileReference; lastKnownFileType = sourcecode.swift; path = MenuViewController.swift; sourceTree = "<group>"; };
		87C2A7262530E68D004C94BA /* Networking.swift */ = {isa = PBXFileReference; lastKnownFileType = sourcecode.swift; path = Networking.swift; sourceTree = "<group>"; };
		87C2A72F2530F420004C94BA /* ListCars.swift */ = {isa = PBXFileReference; lastKnownFileType = sourcecode.swift; path = ListCars.swift; sourceTree = "<group>"; };
		87C2A73D25310E32004C94BA /* Alert.swift */ = {isa = PBXFileReference; lastKnownFileType = sourcecode.swift; path = Alert.swift; sourceTree = "<group>"; };
		87C9C013253321BD005FA089 /* SceneDelegate.swift */ = {isa = PBXFileReference; lastKnownFileType = sourcecode.swift; path = SceneDelegate.swift; sourceTree = "<group>"; };
		87E8F616252C6E3E00E9E5FD /* Globars.swift */ = {isa = PBXFileReference; lastKnownFileType = sourcecode.swift; path = Globars.swift; sourceTree = "<group>"; };
		87EF4A1D25338A3700CFCA73 /* MenuTableCell.swift */ = {isa = PBXFileReference; lastKnownFileType = sourcecode.swift; path = MenuTableCell.swift; sourceTree = "<group>"; };
		87EF4A2225338B2400CFCA73 /* Menu.swift */ = {isa = PBXFileReference; lastKnownFileType = sourcecode.swift; path = Menu.swift; sourceTree = "<group>"; };
		CE95768A41F4EE99D4A401ED /* Pods_TestGlobars.framework */ = {isa = PBXFileReference; explicitFileType = wrapper.framework; includeInIndex = 0; path = Pods_TestGlobars.framework; sourceTree = BUILT_PRODUCTS_DIR; };
		E83405BE05BF55335060C54C /* Pods-TestGlobars.release.xcconfig */ = {isa = PBXFileReference; includeInIndex = 1; lastKnownFileType = text.xcconfig; name = "Pods-TestGlobars.release.xcconfig"; path = "Target Support Files/Pods-TestGlobars/Pods-TestGlobars.release.xcconfig"; sourceTree = "<group>"; };
/* End PBXFileReference section */

/* Begin PBXFrameworksBuildPhase section */
		870A7CF5252AD06700931629 /* Frameworks */ = {
			isa = PBXFrameworksBuildPhase;
			buildActionMask = 2147483647;
			files = (
				D0CE7092506F5258E771187D /* Pods_TestGlobars.framework in Frameworks */,
			);
			runOnlyForDeploymentPostprocessing = 0;
		};
		870A7D0B252AD06A00931629 /* Frameworks */ = {
			isa = PBXFrameworksBuildPhase;
			buildActionMask = 2147483647;
			files = (
				E5BCA18C0F046B2AF8404F6D /* Pods_TestGlobarsTests.framework in Frameworks */,
			);
			runOnlyForDeploymentPostprocessing = 0;
		};
		870A7D16252AD06A00931629 /* Frameworks */ = {
			isa = PBXFrameworksBuildPhase;
			buildActionMask = 2147483647;
			files = (
				26346F43D69DA810E2EDD1B5 /* Pods_TestGlobars_TestGlobarsUITests.framework in Frameworks */,
			);
			runOnlyForDeploymentPostprocessing = 0;
		};
/* End PBXFrameworksBuildPhase section */

/* Begin PBXGroup section */
		2CE1C157FA94C36AF1EF6C46 /* Pods */ = {
			isa = PBXGroup;
			children = (
				79540C04D04A158627B45E36 /* Pods-TestGlobars.debug.xcconfig */,
				E83405BE05BF55335060C54C /* Pods-TestGlobars.release.xcconfig */,
				27210D3FBFE2640ED0527BAB /* Pods-TestGlobars-TestGlobarsUITests.debug.xcconfig */,
				03200F53A783EE7A91B51EE0 /* Pods-TestGlobars-TestGlobarsUITests.release.xcconfig */,
				073918619014253E6F21D30E /* Pods-TestGlobarsTests.debug.xcconfig */,
				133CC6103E1D77FB26E04061 /* Pods-TestGlobarsTests.release.xcconfig */,
			);
			path = Pods;
			sourceTree = "<group>";
		};
		4EE435C5EBC5E27498A6B1E9 /* Frameworks */ = {
			isa = PBXGroup;
			children = (
				CE95768A41F4EE99D4A401ED /* Pods_TestGlobars.framework */,
				725765069EB841143085015B /* Pods_TestGlobars_TestGlobarsUITests.framework */,
				1E459EE59AF8810A8455A03D /* Pods_TestGlobarsTests.framework */,
			);
			name = Frameworks;
			sourceTree = "<group>";
		};
		870A7CEF252AD06700931629 = {
			isa = PBXGroup;
			children = (
				870A7CFA252AD06700931629 /* TestGlobars */,
				870A7D11252AD06A00931629 /* TestGlobarsTests */,
				870A7D1C252AD06A00931629 /* TestGlobarsUITests */,
				870A7CF9252AD06700931629 /* Products */,
				2CE1C157FA94C36AF1EF6C46 /* Pods */,
				4EE435C5EBC5E27498A6B1E9 /* Frameworks */,
			);
			sourceTree = "<group>";
		};
		870A7CF9252AD06700931629 /* Products */ = {
			isa = PBXGroup;
			children = (
				870A7CF8252AD06700931629 /* TestGlobars.app */,
				870A7D0E252AD06A00931629 /* TestGlobarsTests.xctest */,
				870A7D19252AD06A00931629 /* TestGlobarsUITests.xctest */,
			);
			name = Products;
			sourceTree = "<group>";
		};
		870A7CFA252AD06700931629 /* TestGlobars */ = {
			isa = PBXGroup;
			children = (
				8763B7E92531A40400AB7B3C /* SupportFiles */,
				87C2A74225310E36004C94BA /* Helpers */,
				87C2A72B2530E690004C94BA /* NetworkLayer */,
				8733E9D9252DB89300B46322 /* AuthorizationLayer */,
				8733E9DA252DB8D500B46322 /* MapLayer */,
				8763B7EA2531A43E00AB7B3C /* IBuilder */,
			);
			path = TestGlobars;
			sourceTree = "<group>";
		};
		870A7D11252AD06A00931629 /* TestGlobarsTests */ = {
			isa = PBXGroup;
			children = (
				870A7D12252AD06A00931629 /* TestGlobarsTests.swift */,
				870A7D14252AD06A00931629 /* Info.plist */,
			);
			path = TestGlobarsTests;
			sourceTree = "<group>";
		};
		870A7D1C252AD06A00931629 /* TestGlobarsUITests */ = {
			isa = PBXGroup;
			children = (
				870A7D1D252AD06A00931629 /* TestGlobarsUITests.swift */,
				870A7D1F252AD06A00931629 /* Info.plist */,
			);
			path = TestGlobarsUITests;
			sourceTree = "<group>";
		};
		871262A525331B4400E16349 /* Model */ = {
			isa = PBXGroup;
			children = (
				870A2A26252FA100006D22CF /* UserData.swift */,
				87EF4A2225338B2400CFCA73 /* Menu.swift */,
				87C2A72F2530F420004C94BA /* ListCars.swift */,
			);
			path = Model;
			sourceTree = "<group>";
		};
		871262A625331B5200E16349 /* Controllers */ = {
			isa = PBXGroup;
			children = (
				876833372532075A00A498EF /* MapViewController.swift */,
				8768334125324B0500A498EF /* MenuViewController.swift */,
			);
			path = Controllers;
			sourceTree = "<group>";
		};
		8733E9D9252DB89300B46322 /* AuthorizationLayer */ = {
			isa = PBXGroup;
			children = (
				870A7CFF252AD06700931629 /* AuthorizationViewController.swift */,
				87E8F616252C6E3E00E9E5FD /* Globars.swift */,
			);
			path = AuthorizationLayer;
			sourceTree = "<group>";
		};
		8733E9DA252DB8D500B46322 /* MapLayer */ = {
			isa = PBXGroup;
			children = (
				87EF4A192533891400CFCA73 /* Views */,
				871262A625331B5200E16349 /* Controllers */,
				871262A525331B4400E16349 /* Model */,
			);
			path = MapLayer;
			sourceTree = "<group>";
		};
		8763B7E92531A40400AB7B3C /* SupportFiles */ = {
			isa = PBXGroup;
			children = (
				870A7D09252AD06A00931629 /* Info.plist */,
				870A7CFB252AD06700931629 /* AppDelegate.swift */,
				87C9C013253321BD005FA089 /* SceneDelegate.swift */,
				870A7D04252AD06A00931629 /* Assets.xcassets */,
			);
			path = SupportFiles;
			sourceTree = "<group>";
		};
		8763B7EA2531A43E00AB7B3C /* IBuilder */ = {
			isa = PBXGroup;
			children = (
				870A7D01252AD06700931629 /* Main.storyboard */,
				870A7D06252AD06A00931629 /* LaunchScreen.storyboard */,
			);
			path = IBuilder;
			sourceTree = "<group>";
		};
		87C2A72B2530E690004C94BA /* NetworkLayer */ = {
			isa = PBXGroup;
			children = (
				87C2A7262530E68D004C94BA /* Networking.swift */,
			);
			path = NetworkLayer;
			sourceTree = "<group>";
		};
		87C2A74225310E36004C94BA /* Helpers */ = {
			isa = PBXGroup;
			children = (
				87C2A73D25310E32004C94BA /* Alert.swift */,
				8763B7F12531A61F00AB7B3C /* MapManager.swift */,
			);
			path = Helpers;
			sourceTree = "<group>";
		};
		87EF4A192533891400CFCA73 /* Views */ = {
			isa = PBXGroup;
			children = (
				87EF4A1D25338A3700CFCA73 /* MenuTableCell.swift */,
			);
			path = Views;
			sourceTree = "<group>";
		};
/* End PBXGroup section */

/* Begin PBXNativeTarget section */
		870A7CF7252AD06700931629 /* TestGlobars */ = {
			isa = PBXNativeTarget;
			buildConfigurationList = 870A7D22252AD06A00931629 /* Build configuration list for PBXNativeTarget "TestGlobars" */;
			buildPhases = (
				6A358688311637E1C5A119BC /* [CP] Check Pods Manifest.lock */,
				870A7CF4252AD06700931629 /* Sources */,
				870A7CF5252AD06700931629 /* Frameworks */,
				870A7CF6252AD06700931629 /* Resources */,
				29E534B42CD40A61ECFC1A99 /* [CP] Copy Pods Resources */,
			);
			buildRules = (
			);
			dependencies = (
			);
			name = TestGlobars;
			productName = TestGlobars;
			productReference = 870A7CF8252AD06700931629 /* TestGlobars.app */;
			productType = "com.apple.product-type.application";
		};
		870A7D0D252AD06A00931629 /* TestGlobarsTests */ = {
			isa = PBXNativeTarget;
			buildConfigurationList = 870A7D25252AD06A00931629 /* Build configuration list for PBXNativeTarget "TestGlobarsTests" */;
			buildPhases = (
				61A1631F8F446F2CB5F2D517 /* [CP] Check Pods Manifest.lock */,
				870A7D0A252AD06A00931629 /* Sources */,
				870A7D0B252AD06A00931629 /* Frameworks */,
				870A7D0C252AD06A00931629 /* Resources */,
			);
			buildRules = (
			);
			dependencies = (
				870A7D10252AD06A00931629 /* PBXTargetDependency */,
			);
			name = TestGlobarsTests;
			productName = TestGlobarsTests;
			productReference = 870A7D0E252AD06A00931629 /* TestGlobarsTests.xctest */;
			productType = "com.apple.product-type.bundle.unit-test";
		};
		870A7D18252AD06A00931629 /* TestGlobarsUITests */ = {
			isa = PBXNativeTarget;
			buildConfigurationList = 870A7D28252AD06A00931629 /* Build configuration list for PBXNativeTarget "TestGlobarsUITests" */;
			buildPhases = (
				544825A3DD99F25F1E41AA3A /* [CP] Check Pods Manifest.lock */,
				870A7D15252AD06A00931629 /* Sources */,
				870A7D16252AD06A00931629 /* Frameworks */,
				870A7D17252AD06A00931629 /* Resources */,
				8D1A94C7E2266E538C2787C5 /* [CP] Copy Pods Resources */,
			);
			buildRules = (
			);
			dependencies = (
				870A7D1B252AD06A00931629 /* PBXTargetDependency */,
			);
			name = TestGlobarsUITests;
			productName = TestGlobarsUITests;
			productReference = 870A7D19252AD06A00931629 /* TestGlobarsUITests.xctest */;
			productType = "com.apple.product-type.bundle.ui-testing";
		};
/* End PBXNativeTarget section */

/* Begin PBXProject section */
		870A7CF0252AD06700931629 /* Project object */ = {
			isa = PBXProject;
			attributes = {
				LastSwiftUpdateCheck = 1200;
				LastUpgradeCheck = 1200;
				TargetAttributes = {
					870A7CF7252AD06700931629 = {
						CreatedOnToolsVersion = 12.0.1;
					};
					870A7D0D252AD06A00931629 = {
						CreatedOnToolsVersion = 12.0.1;
						TestTargetID = 870A7CF7252AD06700931629;
					};
					870A7D18252AD06A00931629 = {
						CreatedOnToolsVersion = 12.0.1;
						TestTargetID = 870A7CF7252AD06700931629;
					};
				};
			};
			buildConfigurationList = 870A7CF3252AD06700931629 /* Build configuration list for PBXProject "TestGlobars" */;
			compatibilityVersion = "Xcode 9.3";
			developmentRegion = en;
			hasScannedForEncodings = 0;
			knownRegions = (
				en,
				Base,
			);
			mainGroup = 870A7CEF252AD06700931629;
			productRefGroup = 870A7CF9252AD06700931629 /* Products */;
			projectDirPath = "";
			projectRoot = "";
			targets = (
				870A7CF7252AD06700931629 /* TestGlobars */,
				870A7D0D252AD06A00931629 /* TestGlobarsTests */,
				870A7D18252AD06A00931629 /* TestGlobarsUITests */,
			);
		};
/* End PBXProject section */

/* Begin PBXResourcesBuildPhase section */
		870A7CF6252AD06700931629 /* Resources */ = {
			isa = PBXResourcesBuildPhase;
			buildActionMask = 2147483647;
			files = (
				870A7D08252AD06A00931629 /* LaunchScreen.storyboard in Resources */,
				870A7D05252AD06A00931629 /* Assets.xcassets in Resources */,
				870A7D03252AD06700931629 /* Main.storyboard in Resources */,
			);
			runOnlyForDeploymentPostprocessing = 0;
		};
		870A7D0C252AD06A00931629 /* Resources */ = {
			isa = PBXResourcesBuildPhase;
			buildActionMask = 2147483647;
			files = (
			);
			runOnlyForDeploymentPostprocessing = 0;
		};
		870A7D17252AD06A00931629 /* Resources */ = {
			isa = PBXResourcesBuildPhase;
			buildActionMask = 2147483647;
			files = (
			);
			runOnlyForDeploymentPostprocessing = 0;
		};
/* End PBXResourcesBuildPhase section */

/* Begin PBXShellScriptBuildPhase section */
		29E534B42CD40A61ECFC1A99 /* [CP] Copy Pods Resources */ = {
			isa = PBXShellScriptBuildPhase;
			buildActionMask = 2147483647;
			files = (
			);
			inputFileListPaths = (
				"${PODS_ROOT}/Target Support Files/Pods-TestGlobars/Pods-TestGlobars-resources-${CONFIGURATION}-input-files.xcfilelist",
			);
			name = "[CP] Copy Pods Resources";
			outputFileListPaths = (
				"${PODS_ROOT}/Target Support Files/Pods-TestGlobars/Pods-TestGlobars-resources-${CONFIGURATION}-output-files.xcfilelist",
			);
			runOnlyForDeploymentPostprocessing = 0;
			shellPath = /bin/sh;
			shellScript = "\"${PODS_ROOT}/Target Support Files/Pods-TestGlobars/Pods-TestGlobars-resources.sh\"\n";
			showEnvVarsInLog = 0;
		};
		544825A3DD99F25F1E41AA3A /* [CP] Check Pods Manifest.lock */ = {
			isa = PBXShellScriptBuildPhase;
			buildActionMask = 2147483647;
			files = (
			);
			inputFileListPaths = (
			);
			inputPaths = (
				"${PODS_PODFILE_DIR_PATH}/Podfile.lock",
				"${PODS_ROOT}/Manifest.lock",
			);
			name = "[CP] Check Pods Manifest.lock";
			outputFileListPaths = (
			);
			outputPaths = (
				"$(DERIVED_FILE_DIR)/Pods-TestGlobars-TestGlobarsUITests-checkManifestLockResult.txt",
			);
			runOnlyForDeploymentPostprocessing = 0;
			shellPath = /bin/sh;
			shellScript = "diff \"${PODS_PODFILE_DIR_PATH}/Podfile.lock\" \"${PODS_ROOT}/Manifest.lock\" > /dev/null\nif [ $? != 0 ] ; then\n    # print error to STDERR\n    echo \"error: The sandbox is not in sync with the Podfile.lock. Run 'pod install' or update your CocoaPods installation.\" >&2\n    exit 1\nfi\n# This output is used by Xcode 'outputs' to avoid re-running this script phase.\necho \"SUCCESS\" > \"${SCRIPT_OUTPUT_FILE_0}\"\n";
			showEnvVarsInLog = 0;
		};
		61A1631F8F446F2CB5F2D517 /* [CP] Check Pods Manifest.lock */ = {
			isa = PBXShellScriptBuildPhase;
			buildActionMask = 2147483647;
			files = (
			);
			inputFileListPaths = (
			);
			inputPaths = (
				"${PODS_PODFILE_DIR_PATH}/Podfile.lock",
				"${PODS_ROOT}/Manifest.lock",
			);
			name = "[CP] Check Pods Manifest.lock";
			outputFileListPaths = (
			);
			outputPaths = (
				"$(DERIVED_FILE_DIR)/Pods-TestGlobarsTests-checkManifestLockResult.txt",
			);
			runOnlyForDeploymentPostprocessing = 0;
			shellPath = /bin/sh;
			shellScript = "diff \"${PODS_PODFILE_DIR_PATH}/Podfile.lock\" \"${PODS_ROOT}/Manifest.lock\" > /dev/null\nif [ $? != 0 ] ; then\n    # print error to STDERR\n    echo \"error: The sandbox is not in sync with the Podfile.lock. Run 'pod install' or update your CocoaPods installation.\" >&2\n    exit 1\nfi\n# This output is used by Xcode 'outputs' to avoid re-running this script phase.\necho \"SUCCESS\" > \"${SCRIPT_OUTPUT_FILE_0}\"\n";
			showEnvVarsInLog = 0;
		};
		6A358688311637E1C5A119BC /* [CP] Check Pods Manifest.lock */ = {
			isa = PBXShellScriptBuildPhase;
			buildActionMask = 2147483647;
			files = (
			);
			inputFileListPaths = (
			);
			inputPaths = (
				"${PODS_PODFILE_DIR_PATH}/Podfile.lock",
				"${PODS_ROOT}/Manifest.lock",
			);
			name = "[CP] Check Pods Manifest.lock";
			outputFileListPaths = (
			);
			outputPaths = (
				"$(DERIVED_FILE_DIR)/Pods-TestGlobars-checkManifestLockResult.txt",
			);
			runOnlyForDeploymentPostprocessing = 0;
			shellPath = /bin/sh;
			shellScript = "diff \"${PODS_PODFILE_DIR_PATH}/Podfile.lock\" \"${PODS_ROOT}/Manifest.lock\" > /dev/null\nif [ $? != 0 ] ; then\n    # print error to STDERR\n    echo \"error: The sandbox is not in sync with the Podfile.lock. Run 'pod install' or update your CocoaPods installation.\" >&2\n    exit 1\nfi\n# This output is used by Xcode 'outputs' to avoid re-running this script phase.\necho \"SUCCESS\" > \"${SCRIPT_OUTPUT_FILE_0}\"\n";
			showEnvVarsInLog = 0;
		};
		8D1A94C7E2266E538C2787C5 /* [CP] Copy Pods Resources */ = {
			isa = PBXShellScriptBuildPhase;
			buildActionMask = 2147483647;
			files = (
			);
			inputFileListPaths = (
				"${PODS_ROOT}/Target Support Files/Pods-TestGlobars-TestGlobarsUITests/Pods-TestGlobars-TestGlobarsUITests-resources-${CONFIGURATION}-input-files.xcfilelist",
			);
			name = "[CP] Copy Pods Resources";
			outputFileListPaths = (
				"${PODS_ROOT}/Target Support Files/Pods-TestGlobars-TestGlobarsUITests/Pods-TestGlobars-TestGlobarsUITests-resources-${CONFIGURATION}-output-files.xcfilelist",
			);
			runOnlyForDeploymentPostprocessing = 0;
			shellPath = /bin/sh;
			shellScript = "\"${PODS_ROOT}/Target Support Files/Pods-TestGlobars-TestGlobarsUITests/Pods-TestGlobars-TestGlobarsUITests-resources.sh\"\n";
			showEnvVarsInLog = 0;
		};
/* End PBXShellScriptBuildPhase section */

/* Begin PBXSourcesBuildPhase section */
		870A7CF4252AD06700931629 /* Sources */ = {
			isa = PBXSourcesBuildPhase;
			buildActionMask = 2147483647;
			files = (
				876833382532075A00A498EF /* MapViewController.swift in Sources */,
				87C2A73E25310E32004C94BA /* Alert.swift in Sources */,
				87EF4A2325338B2400CFCA73 /* Menu.swift in Sources */,
				870A2A27252FA100006D22CF /* UserData.swift in Sources */,
				87E8F617252C6E3E00E9E5FD /* Globars.swift in Sources */,
				8768334225324B0500A498EF /* MenuViewController.swift in Sources */,
				870A7D00252AD06700931629 /* AuthorizationViewController.swift in Sources */,
				870A7CFC252AD06700931629 /* AppDelegate.swift in Sources */,
				8763B7F22531A61F00AB7B3C /* MapManager.swift in Sources */,
				87C9C014253321BD005FA089 /* SceneDelegate.swift in Sources */,
				87EF4A1E25338A3700CFCA73 /* MenuTableCell.swift in Sources */,
				87C2A7302530F420004C94BA /* ListCars.swift in Sources */,
				87C2A7272530E68D004C94BA /* Networking.swift in Sources */,
			);
			runOnlyForDeploymentPostprocessing = 0;
		};
		870A7D0A252AD06A00931629 /* Sources */ = {
			isa = PBXSourcesBuildPhase;
			buildActionMask = 2147483647;
			files = (
				870A7D13252AD06A00931629 /* TestGlobarsTests.swift in Sources */,
			);
			runOnlyForDeploymentPostprocessing = 0;
		};
		870A7D15252AD06A00931629 /* Sources */ = {
			isa = PBXSourcesBuildPhase;
			buildActionMask = 2147483647;
			files = (
				870A7D1E252AD06A00931629 /* TestGlobarsUITests.swift in Sources */,
			);
			runOnlyForDeploymentPostprocessing = 0;
		};
/* End PBXSourcesBuildPhase section */

/* Begin PBXTargetDependency section */
		870A7D10252AD06A00931629 /* PBXTargetDependency */ = {
			isa = PBXTargetDependency;
			target = 870A7CF7252AD06700931629 /* TestGlobars */;
			targetProxy = 870A7D0F252AD06A00931629 /* PBXContainerItemProxy */;
		};
		870A7D1B252AD06A00931629 /* PBXTargetDependency */ = {
			isa = PBXTargetDependency;
			target = 870A7CF7252AD06700931629 /* TestGlobars */;
			targetProxy = 870A7D1A252AD06A00931629 /* PBXContainerItemProxy */;
		};
/* End PBXTargetDependency section */

/* Begin PBXVariantGroup section */
		870A7D01252AD06700931629 /* Main.storyboard */ = {
			isa = PBXVariantGroup;
			children = (
				870A7D02252AD06700931629 /* Base */,
			);
			name = Main.storyboard;
			sourceTree = "<group>";
		};
		870A7D06252AD06A00931629 /* LaunchScreen.storyboard */ = {
			isa = PBXVariantGroup;
			children = (
				870A7D07252AD06A00931629 /* Base */,
			);
			name = LaunchScreen.storyboard;
			sourceTree = "<group>";
		};
/* End PBXVariantGroup section */

/* Begin XCBuildConfiguration section */
		870A7D20252AD06A00931629 /* Debug */ = {
			isa = XCBuildConfiguration;
			buildSettings = {
				ALWAYS_SEARCH_USER_PATHS = NO;
				CLANG_ANALYZER_NONNULL = YES;
				CLANG_ANALYZER_NUMBER_OBJECT_CONVERSION = YES_AGGRESSIVE;
				CLANG_CXX_LANGUAGE_STANDARD = "gnu++14";
				CLANG_CXX_LIBRARY = "libc++";
				CLANG_ENABLE_MODULES = YES;
				CLANG_ENABLE_OBJC_ARC = YES;
				CLANG_ENABLE_OBJC_WEAK = YES;
				CLANG_WARN_BLOCK_CAPTURE_AUTORELEASING = YES;
				CLANG_WARN_BOOL_CONVERSION = YES;
				CLANG_WARN_COMMA = YES;
				CLANG_WARN_CONSTANT_CONVERSION = YES;
				CLANG_WARN_DEPRECATED_OBJC_IMPLEMENTATIONS = YES;
				CLANG_WARN_DIRECT_OBJC_ISA_USAGE = YES_ERROR;
				CLANG_WARN_DOCUMENTATION_COMMENTS = YES;
				CLANG_WARN_EMPTY_BODY = YES;
				CLANG_WARN_ENUM_CONVERSION = YES;
				CLANG_WARN_INFINITE_RECURSION = YES;
				CLANG_WARN_INT_CONVERSION = YES;
				CLANG_WARN_NON_LITERAL_NULL_CONVERSION = YES;
				CLANG_WARN_OBJC_IMPLICIT_RETAIN_SELF = YES;
				CLANG_WARN_OBJC_LITERAL_CONVERSION = YES;
				CLANG_WARN_OBJC_ROOT_CLASS = YES_ERROR;
				CLANG_WARN_QUOTED_INCLUDE_IN_FRAMEWORK_HEADER = YES;
				CLANG_WARN_RANGE_LOOP_ANALYSIS = YES;
				CLANG_WARN_STRICT_PROTOTYPES = YES;
				CLANG_WARN_SUSPICIOUS_MOVE = YES;
				CLANG_WARN_UNGUARDED_AVAILABILITY = YES_AGGRESSIVE;
				CLANG_WARN_UNREACHABLE_CODE = YES;
				CLANG_WARN__DUPLICATE_METHOD_MATCH = YES;
				COPY_PHASE_STRIP = NO;
				DEBUG_INFORMATION_FORMAT = dwarf;
				ENABLE_STRICT_OBJC_MSGSEND = YES;
				ENABLE_TESTABILITY = YES;
				GCC_C_LANGUAGE_STANDARD = gnu11;
				GCC_DYNAMIC_NO_PIC = NO;
				GCC_NO_COMMON_BLOCKS = YES;
				GCC_OPTIMIZATION_LEVEL = 0;
				GCC_PREPROCESSOR_DEFINITIONS = (
					"DEBUG=1",
					"$(inherited)",
				);
				GCC_WARN_64_TO_32_BIT_CONVERSION = YES;
				GCC_WARN_ABOUT_RETURN_TYPE = YES_ERROR;
				GCC_WARN_UNDECLARED_SELECTOR = YES;
				GCC_WARN_UNINITIALIZED_AUTOS = YES_AGGRESSIVE;
				GCC_WARN_UNUSED_FUNCTION = YES;
				GCC_WARN_UNUSED_VARIABLE = YES;
				IPHONEOS_DEPLOYMENT_TARGET = 14.0;
				MTL_ENABLE_DEBUG_INFO = INCLUDE_SOURCE;
				MTL_FAST_MATH = YES;
				ONLY_ACTIVE_ARCH = YES;
				SDKROOT = iphoneos;
				SWIFT_ACTIVE_COMPILATION_CONDITIONS = DEBUG;
				SWIFT_OPTIMIZATION_LEVEL = "-Onone";
			};
			name = Debug;
		};
		870A7D21252AD06A00931629 /* Release */ = {
			isa = XCBuildConfiguration;
			buildSettings = {
				ALWAYS_SEARCH_USER_PATHS = NO;
				CLANG_ANALYZER_NONNULL = YES;
				CLANG_ANALYZER_NUMBER_OBJECT_CONVERSION = YES_AGGRESSIVE;
				CLANG_CXX_LANGUAGE_STANDARD = "gnu++14";
				CLANG_CXX_LIBRARY = "libc++";
				CLANG_ENABLE_MODULES = YES;
				CLANG_ENABLE_OBJC_ARC = YES;
				CLANG_ENABLE_OBJC_WEAK = YES;
				CLANG_WARN_BLOCK_CAPTURE_AUTORELEASING = YES;
				CLANG_WARN_BOOL_CONVERSION = YES;
				CLANG_WARN_COMMA = YES;
				CLANG_WARN_CONSTANT_CONVERSION = YES;
				CLANG_WARN_DEPRECATED_OBJC_IMPLEMENTATIONS = YES;
				CLANG_WARN_DIRECT_OBJC_ISA_USAGE = YES_ERROR;
				CLANG_WARN_DOCUMENTATION_COMMENTS = YES;
				CLANG_WARN_EMPTY_BODY = YES;
				CLANG_WARN_ENUM_CONVERSION = YES;
				CLANG_WARN_INFINITE_RECURSION = YES;
				CLANG_WARN_INT_CONVERSION = YES;
				CLANG_WARN_NON_LITERAL_NULL_CONVERSION = YES;
				CLANG_WARN_OBJC_IMPLICIT_RETAIN_SELF = YES;
				CLANG_WARN_OBJC_LITERAL_CONVERSION = YES;
				CLANG_WARN_OBJC_ROOT_CLASS = YES_ERROR;
				CLANG_WARN_QUOTED_INCLUDE_IN_FRAMEWORK_HEADER = YES;
				CLANG_WARN_RANGE_LOOP_ANALYSIS = YES;
				CLANG_WARN_STRICT_PROTOTYPES = YES;
				CLANG_WARN_SUSPICIOUS_MOVE = YES;
				CLANG_WARN_UNGUARDED_AVAILABILITY = YES_AGGRESSIVE;
				CLANG_WARN_UNREACHABLE_CODE = YES;
				CLANG_WARN__DUPLICATE_METHOD_MATCH = YES;
				COPY_PHASE_STRIP = NO;
				DEBUG_INFORMATION_FORMAT = "dwarf-with-dsym";
				ENABLE_NS_ASSERTIONS = NO;
				ENABLE_STRICT_OBJC_MSGSEND = YES;
				GCC_C_LANGUAGE_STANDARD = gnu11;
				GCC_NO_COMMON_BLOCKS = YES;
				GCC_WARN_64_TO_32_BIT_CONVERSION = YES;
				GCC_WARN_ABOUT_RETURN_TYPE = YES_ERROR;
				GCC_WARN_UNDECLARED_SELECTOR = YES;
				GCC_WARN_UNINITIALIZED_AUTOS = YES_AGGRESSIVE;
				GCC_WARN_UNUSED_FUNCTION = YES;
				GCC_WARN_UNUSED_VARIABLE = YES;
				IPHONEOS_DEPLOYMENT_TARGET = 14.0;
				MTL_ENABLE_DEBUG_INFO = NO;
				MTL_FAST_MATH = YES;
				SDKROOT = iphoneos;
				SWIFT_COMPILATION_MODE = wholemodule;
				SWIFT_OPTIMIZATION_LEVEL = "-O";
				VALIDATE_PRODUCT = YES;
			};
			name = Release;
		};
		870A7D23252AD06A00931629 /* Debug */ = {
			isa = XCBuildConfiguration;
			baseConfigurationReference = 79540C04D04A158627B45E36 /* Pods-TestGlobars.debug.xcconfig */;
			buildSettings = {
				ASSETCATALOG_COMPILER_APPICON_NAME = AppIcon;
				ASSETCATALOG_COMPILER_GLOBAL_ACCENT_COLOR_NAME = AccentColor;
				CODE_SIGN_STYLE = Automatic;
				DEVELOPMENT_TEAM = PVVSWG9FDA;
				INFOPLIST_FILE = TestGlobars/Info.plist;
				LD_RUNPATH_SEARCH_PATHS = (
					"$(inherited)",
					"@executable_path/Frameworks",
				);
				PRODUCT_BUNDLE_IDENTIFIER = test.TestGlobars;
				PRODUCT_NAME = "$(TARGET_NAME)";
				SWIFT_VERSION = 5.0;
				TARGETED_DEVICE_FAMILY = "1,2";
			};
			name = Debug;
		};
		870A7D24252AD06A00931629 /* Release */ = {
			isa = XCBuildConfiguration;
			baseConfigurationReference = E83405BE05BF55335060C54C /* Pods-TestGlobars.release.xcconfig */;
			buildSettings = {
				ASSETCATALOG_COMPILER_APPICON_NAME = AppIcon;
				ASSETCATALOG_COMPILER_GLOBAL_ACCENT_COLOR_NAME = AccentColor;
				CODE_SIGN_STYLE = Automatic;
				DEVELOPMENT_TEAM = PVVSWG9FDA;
				INFOPLIST_FILE = TestGlobars/Info.plist;
				LD_RUNPATH_SEARCH_PATHS = (
					"$(inherited)",
					"@executable_path/Frameworks",
				);
				PRODUCT_BUNDLE_IDENTIFIER = test.TestGlobars;
				PRODUCT_NAME = "$(TARGET_NAME)";
				SWIFT_VERSION = 5.0;
				TARGETED_DEVICE_FAMILY = "1,2";
			};
			name = Release;
		};
		870A7D26252AD06A00931629 /* Debug */ = {
			isa = XCBuildConfiguration;
			baseConfigurationReference = 073918619014253E6F21D30E /* Pods-TestGlobarsTests.debug.xcconfig */;
			buildSettings = {
				ALWAYS_EMBED_SWIFT_STANDARD_LIBRARIES = YES;
				BUNDLE_LOADER = "$(TEST_HOST)";
				CODE_SIGN_STYLE = Automatic;
				DEVELOPMENT_TEAM = PVVSWG9FDA;
				INFOPLIST_FILE = TestGlobarsTests/Info.plist;
				IPHONEOS_DEPLOYMENT_TARGET = 14.0;
				LD_RUNPATH_SEARCH_PATHS = (
					"$(inherited)",
					"@executable_path/Frameworks",
					"@loader_path/Frameworks",
				);
				PRODUCT_BUNDLE_IDENTIFIER = test.TestGlobarsTests;
				PRODUCT_NAME = "$(TARGET_NAME)";
				SWIFT_VERSION = 5.0;
				TARGETED_DEVICE_FAMILY = "1,2";
				TEST_HOST = "$(BUILT_PRODUCTS_DIR)/TestGlobars.app/TestGlobars";
			};
			name = Debug;
		};
		870A7D27252AD06A00931629 /* Release */ = {
			isa = XCBuildConfiguration;
			baseConfigurationReference = 133CC6103E1D77FB26E04061 /* Pods-TestGlobarsTests.release.xcconfig */;
			buildSettings = {
				ALWAYS_EMBED_SWIFT_STANDARD_LIBRARIES = YES;
				BUNDLE_LOADER = "$(TEST_HOST)";
				CODE_SIGN_STYLE = Automatic;
				DEVELOPMENT_TEAM = PVVSWG9FDA;
				INFOPLIST_FILE = TestGlobarsTests/Info.plist;
				IPHONEOS_DEPLOYMENT_TARGET = 14.0;
				LD_RUNPATH_SEARCH_PATHS = (
					"$(inherited)",
					"@executable_path/Frameworks",
					"@loader_path/Frameworks",
				);
				PRODUCT_BUNDLE_IDENTIFIER = test.TestGlobarsTests;
				PRODUCT_NAME = "$(TARGET_NAME)";
				SWIFT_VERSION = 5.0;
				TARGETED_DEVICE_FAMILY = "1,2";
				TEST_HOST = "$(BUILT_PRODUCTS_DIR)/TestGlobars.app/TestGlobars";
			};
			name = Release;
		};
		870A7D29252AD06A00931629 /* Debug */ = {
			isa = XCBuildConfiguration;
			baseConfigurationReference = 27210D3FBFE2640ED0527BAB /* Pods-TestGlobars-TestGlobarsUITests.debug.xcconfig */;
			buildSettings = {
				ALWAYS_EMBED_SWIFT_STANDARD_LIBRARIES = YES;
				CODE_SIGN_STYLE = Automatic;
				DEVELOPMENT_TEAM = PVVSWG9FDA;
				INFOPLIST_FILE = TestGlobarsUITests/Info.plist;
				LD_RUNPATH_SEARCH_PATHS = (
					"$(inherited)",
					"@executable_path/Frameworks",
					"@loader_path/Frameworks",
				);
				PRODUCT_BUNDLE_IDENTIFIER = test.TestGlobarsUITests;
				PRODUCT_NAME = "$(TARGET_NAME)";
				SWIFT_VERSION = 5.0;
				TARGETED_DEVICE_FAMILY = "1,2";
				TEST_TARGET_NAME = TestGlobars;
			};
			name = Debug;
		};
		870A7D2A252AD06A00931629 /* Release */ = {
			isa = XCBuildConfiguration;
			baseConfigurationReference = 03200F53A783EE7A91B51EE0 /* Pods-TestGlobars-TestGlobarsUITests.release.xcconfig */;
			buildSettings = {
				ALWAYS_EMBED_SWIFT_STANDARD_LIBRARIES = YES;
				CODE_SIGN_STYLE = Automatic;
				DEVELOPMENT_TEAM = PVVSWG9FDA;
				INFOPLIST_FILE = TestGlobarsUITests/Info.plist;
				LD_RUNPATH_SEARCH_PATHS = (
					"$(inherited)",
					"@executable_path/Frameworks",
					"@loader_path/Frameworks",
				);
				PRODUCT_BUNDLE_IDENTIFIER = test.TestGlobarsUITests;
				PRODUCT_NAME = "$(TARGET_NAME)";
				SWIFT_VERSION = 5.0;
				TARGETED_DEVICE_FAMILY = "1,2";
				TEST_TARGET_NAME = TestGlobars;
			};
			name = Release;
		};
/* End XCBuildConfiguration section */

/* Begin XCConfigurationList section */
		870A7CF3252AD06700931629 /* Build configuration list for PBXProject "TestGlobars" */ = {
			isa = XCConfigurationList;
			buildConfigurations = (
				870A7D20252AD06A00931629 /* Debug */,
				870A7D21252AD06A00931629 /* Release */,
			);
			defaultConfigurationIsVisible = 0;
			defaultConfigurationName = Release;
		};
		870A7D22252AD06A00931629 /* Build configuration list for PBXNativeTarget "TestGlobars" */ = {
			isa = XCConfigurationList;
			buildConfigurations = (
				870A7D23252AD06A00931629 /* Debug */,
				870A7D24252AD06A00931629 /* Release */,
			);
			defaultConfigurationIsVisible = 0;
			defaultConfigurationName = Release;
		};
		870A7D25252AD06A00931629 /* Build configuration list for PBXNativeTarget "TestGlobarsTests" */ = {
			isa = XCConfigurationList;
			buildConfigurations = (
				870A7D26252AD06A00931629 /* Debug */,
				870A7D27252AD06A00931629 /* Release */,
			);
			defaultConfigurationIsVisible = 0;
			defaultConfigurationName = Release;
		};
		870A7D28252AD06A00931629 /* Build configuration list for PBXNativeTarget "TestGlobarsUITests" */ = {
			isa = XCConfigurationList;
			buildConfigurations = (
				870A7D29252AD06A00931629 /* Debug */,
				870A7D2A252AD06A00931629 /* Release */,
			);
			defaultConfigurationIsVisible = 0;
			defaultConfigurationName = Release;
		};
/* End XCConfigurationList section */
	};
	rootObject = 870A7CF0252AD06700931629 /* Project object */;
}
